
Microsoft Visual Studio Solution File, Format Version 12.00
# Visual Studio Version 17
VisualStudioVersion = 17.7.34003.232
MinimumVisualStudioVersion = 10.0.40219.1
Project("{FAE04EC0-301F-11D3-BF4B-00C04F79EFBC}") = "AstroCurii.Shared", "AstroCurii.Shared\AstroCurii.Shared.csproj", "{F4B618B1-7359-487D-8C5F-AEC4E3AB6C5B}"
EndProject
Project("{FAE04EC0-301F-11D3-BF4B-00C04F79EFBC}") = "AstroCurii.API", "AstroCurii.API\AstroCurii.API.csproj", "{BB61A366-5F74-4096-966C-ACACACF7B6E4}"
EndProject
Project("{FAE04EC0-301F-11D3-BF4B-00C04F79EFBC}") = "AstroCurii.WEB", "AstroCurii.WEB\AstroCurii.WEB.csproj", "{53F30B48-C55D-4AE5-AFC2-46B5647D392B}"
EndProject
Global
	GlobalSection(SolutionConfigurationPlatforms) = preSolution
		Debug|Any CPU = Debug|Any CPU
		Release|Any CPU = Release|Any CPU
	EndGlobalSection
	GlobalSection(ProjectConfigurationPlatforms) = postSolution
		{F4B618B1-7359-487D-8C5F-AEC4E3AB6C5B}.Debug|Any CPU.ActiveCfg = Debug|Any CPU
		{F4B618B1-7359-487D-8C5F-AEC4E3AB6C5B}.Debug|Any CPU.Build.0 = Debug|Any CPU
		{F4B618B1-7359-487D-8C5F-AEC4E3AB6C5B}.Release|Any CPU.ActiveCfg = Release|Any CPU
		{F4B618B1-7359-487D-8C5F-AEC4E3AB6C5B}.Release|Any CPU.Build.0 = Release|Any CPU
		{BB61A366-5F74-4096-966C-ACACACF7B6E4}.Debug|Any CPU.ActiveCfg = Debug|Any CPU
		{BB61A366-5F74-4096-966C-ACACACF7B6E4}.Debug|Any CPU.Build.0 = Debug|Any CPU
		{BB61A366-5F74-4096-966C-ACACACF7B6E4}.Release|Any CPU.ActiveCfg = Release|Any CPU
		{BB61A366-5F74-4096-966C-ACACACF7B6E4}.Release|Any CPU.Build.0 = Release|Any CPU
		{53F30B48-C55D-4AE5-AFC2-46B5647D392B}.Debug|Any CPU.ActiveCfg = Debug|Any CPU
		{53F30B48-C55D-4AE5-AFC2-46B5647D392B}.Debug|Any CPU.Build.0 = Debug|Any CPU
		{53F30B48-C55D-4AE5-AFC2-46B5647D392B}.Release|Any CPU.ActiveCfg = Release|Any CPU
		{53F30B48-C55D-4AE5-AFC2-46B5647D392B}.Release|Any CPU.Build.0 = Release|Any CPU
	EndGlobalSection
	GlobalSection(SolutionProperties) = preSolution
		HideSolutionNode = FALSE
	EndGlobalSection
	GlobalSection(ExtensibilityGlobals) = postSolution
		SolutionGuid = {D4907DD5-1C40-4B7B-8B94-FB6BB0BAD749}
	EndGlobalSection
EndGlobal
